{ nixpkgs = { lastModified = 1778003029; lastModifiedDate = "20260505174349"; narHash = "sha256-q/nkKLDtHIyLjZpKhWk3cSK5IYsFqtMd6UtXF3ddjgA="; outPath = "/nix/store/7w2x8yric1i39jc4prsj2s1xrabm71yx-source"; rev = "0c88e1f2bdb93d5999019e99cb0e61e1fe2af4c5"; revCount = 0; shortRev = "0c88e1f"; submodules = false; }; }
