{ nixpkgs = { lastModified = 1780203844; lastModifiedDate = "20260531050404"; narHash = "sha256-K5sT4jTpGs15ADhviMKNBH38REpPf5Q6mM1+N6cArVE="; outPath = "/nix/store/i936ws2xplkqgbzkxkacqqq2dpag3ndf-source"; rev = "b51242d7d43689db2f3be91bd05d5b24fbb469c4"; revCount = 0; shortRev = "b51242d"; submodules = false; }; }
